
Microsoft Visual Studio Solution File, Format Version 12.00
# Visual Studio Version 17
VisualStudioVersion = 17.1.32328.378
MinimumVisualStudioVersion = 10.0.40219.1
Project("{9A19103F-16F7-4668-BE54-9A1E7A4F7556}") = "RiDe", "RiDe\RiDe.csproj", "{BEBFBB54-3644-4D4A-BCB2-AC7D97D0E4F8}"
EndProject
Global
	GlobalSection(SolutionConfigurationPlatforms) = preSolution
		Debug|Any CPU = Debug|Any CPU
		Debug|x86 = Debug|x86
		Release|Any CPU = Release|Any CPU
		Release|x86 = Release|x86
	EndGlobalSection
	GlobalSection(ProjectConfigurationPlatforms) = postSolution
		{BEBFBB54-3644-4D4A-BCB2-AC7D97D0E4F8}.Debug|Any CPU.ActiveCfg = Debug|Any CPU
		{BEBFBB54-3644-4D4A-BCB2-AC7D97D0E4F8}.Debug|Any CPU.Build.0 = Debug|Any CPU
		{BEBFBB54-3644-4D4A-BCB2-AC7D97D0E4F8}.Debug|x86.ActiveCfg = Debug|x86
		{BEBFBB54-3644-4D4A-BCB2-AC7D97D0E4F8}.Debug|x86.Build.0 = Debug|x86
		{BEBFBB54-3644-4D4A-BCB2-AC7D97D0E4F8}.Release|Any CPU.ActiveCfg = Release|Any CPU
		{BEBFBB54-3644-4D4A-BCB2-AC7D97D0E4F8}.Release|Any CPU.Build.0 = Release|Any CPU
		{BEBFBB54-3644-4D4A-BCB2-AC7D97D0E4F8}.Release|x86.ActiveCfg = Release|x86
		{BEBFBB54-3644-4D4A-BCB2-AC7D97D0E4F8}.Release|x86.Build.0 = Release|x86
	EndGlobalSection
	GlobalSection(SolutionProperties) = preSolution
		HideSolutionNode = FALSE
	EndGlobalSection
	GlobalSection(ExtensibilityGlobals) = postSolution
		SolutionGuid = {2E678985-E79B-4F13-826E-FAA8B5BD3EEC}
	EndGlobalSection
EndGlobal
